
Microsoft Visual Studio Solution File, Format Version 12.00
# Visual Studio Version 17
VisualStudioVersion = 17.5.002.0
MinimumVisualStudioVersion = 10.0.40219.1
Project("{9A19103F-16F7-4668-BE54-9A1E7A4F7556}") = "chapter15", "chapter15.csproj", "{D20FF78B-8D32-416C-A68D-86DF86ABF50B}"
EndProject
Global
	GlobalSection(SolutionConfigurationPlatforms) = preSolution
		Debug|Any CPU = Debug|Any CPU
		Release|Any CPU = Release|Any CPU
	EndGlobalSection
	GlobalSection(ProjectConfigurationPlatforms) = postSolution
		{D20FF78B-8D32-416C-A68D-86DF86ABF50B}.Debug|Any CPU.ActiveCfg = Debug|Any CPU
		{D20FF78B-8D32-416C-A68D-86DF86ABF50B}.Debug|Any CPU.Build.0 = Debug|Any CPU
		{D20FF78B-8D32-416C-A68D-86DF86ABF50B}.Release|Any CPU.ActiveCfg = Release|Any CPU
		{D20FF78B-8D32-416C-A68D-86DF86ABF50B}.Release|Any CPU.Build.0 = Release|Any CPU
	EndGlobalSection
	GlobalSection(SolutionProperties) = preSolution
		HideSolutionNode = FALSE
	EndGlobalSection
	GlobalSection(ExtensibilityGlobals) = postSolution
		SolutionGuid = {7E12A833-3E64-4FAC-9D1B-76FDDA7B3F77}
	EndGlobalSection
EndGlobal
